// !$*UTF8*$!
{
	archiveVersion = 1;
	classes = {
	};
	objectVersion = 56;
	objects = {

/* Begin PBXBuildFile section */
		2BFAE03A1D5498E72588FA52 /* Pods_RunApp_RunAppUITests.framework in Frameworks */ = {isa = PBXBuildFile; fileRef = 4A97D61C7A79CDCE49B04029 /* Pods_RunApp_RunAppUITests.framework */; };
		4862446493C909CB4A7784F7 /* Pods_RunApp.framework in Frameworks */ = {isa = PBXBuildFile; fileRef = 38088EB0E2775DF19C528466 /* Pods_RunApp.framework */; };
		8C17C1EC29919B8900AE10F7 /* Localizable(English).strings in Resources */ = {isa = PBXBuildFile; fileRef = 8C17C1EE29919B8900AE10F7 /* Localizable(English).strings */; };
		8C17C1EF29919B9E00AE10F7 /* Localizable(Russian).strings in Resources */ = {isa = PBXBuildFile; fileRef = 8C17C1F129919B9E00AE10F7 /* Localizable(Russian).strings */; };
		8C17C1F729919C1100AE10F7 /* Localizable(German).strings in Resources */ = {isa = PBXBuildFile; fileRef = 8C17C1F929919C1100AE10F7 /* Localizable(German).strings */; };
		8C17C1FB2991A61300AE10F7 /* UIButtonAnimations.swift in Sources */ = {isa = PBXBuildFile; fileRef = 8C17C1FA2991A61200AE10F7 /* UIButtonAnimations.swift */; };
		8C17C1FE2995290E00AE10F7 /* ViewModel.swift in Sources */ = {isa = PBXBuildFile; fileRef = 8C17C1FD2995290E00AE10F7 /* ViewModel.swift */; };
		8C3AAA5B29887B220008CA37 /* AppDelegate.swift in Sources */ = {isa = PBXBuildFile; fileRef = 8C3AAA5A29887B220008CA37 /* AppDelegate.swift */; };
		8C3AAA5D29887B220008CA37 /* SceneDelegate.swift in Sources */ = {isa = PBXBuildFile; fileRef = 8C3AAA5C29887B220008CA37 /* SceneDelegate.swift */; };
		8C3AAA5F29887B220008CA37 /* ViewController.swift in Sources */ = {isa = PBXBuildFile; fileRef = 8C3AAA5E29887B220008CA37 /* ViewController.swift */; };
		8C3AAA6529887B220008CA37 /* RunApp.xcdatamodeld in Sources */ = {isa = PBXBuildFile; fileRef = 8C3AAA6329887B220008CA37 /* RunApp.xcdatamodeld */; };
		8C3AAA6729887B230008CA37 /* Assets.xcassets in Resources */ = {isa = PBXBuildFile; fileRef = 8C3AAA6629887B230008CA37 /* Assets.xcassets */; };
		8C3AAA6A29887B230008CA37 /* LaunchScreen.storyboard in Resources */ = {isa = PBXBuildFile; fileRef = 8C3AAA6829887B230008CA37 /* LaunchScreen.storyboard */; };
		8C3AAA7529887B230008CA37 /* RunAppTests.swift in Sources */ = {isa = PBXBuildFile; fileRef = 8C3AAA7429887B230008CA37 /* RunAppTests.swift */; };
		8C3AAA7F29887B230008CA37 /* RunAppUITests.swift in Sources */ = {isa = PBXBuildFile; fileRef = 8C3AAA7E29887B230008CA37 /* RunAppUITests.swift */; };
		8C3AAA8129887B230008CA37 /* RunAppUITestsLaunchTests.swift in Sources */ = {isa = PBXBuildFile; fileRef = 8C3AAA8029887B230008CA37 /* RunAppUITestsLaunchTests.swift */; };
		8C3AAA90298961910008CA37 /* ProfileView.swift in Sources */ = {isa = PBXBuildFile; fileRef = 8C3AAA8F298961900008CA37 /* ProfileView.swift */; };
		8C3AAA922989665B0008CA37 /* TabViewController .swift in Sources */ = {isa = PBXBuildFile; fileRef = 8C3AAA912989665B0008CA37 /* TabViewController .swift */; };
		8C3AAA94298990440008CA37 /* UIColorExtension.swift in Sources */ = {isa = PBXBuildFile; fileRef = 8C3AAA93298990440008CA37 /* UIColorExtension.swift */; };
		8C3AAA98298BF7C00008CA37 /* RunViewController .swift in Sources */ = {isa = PBXBuildFile; fileRef = 8C3AAA97298BF7C00008CA37 /* RunViewController .swift */; };
		8C3AAA9A298BF8AA0008CA37 /* CustomAnnotation .swift in Sources */ = {isa = PBXBuildFile; fileRef = 8C3AAA99298BF8AA0008CA37 /* CustomAnnotation .swift */; };
		8CCF7E5029A4ED1D00FC4B01 /* LocationManager.swift in Sources */ = {isa = PBXBuildFile; fileRef = 8CCF7E4F29A4ED1D00FC4B01 /* LocationManager.swift */; };
		9BA45D89D6FC8B4BE8FF0FAD /* Pods_RunAppTests.framework in Frameworks */ = {isa = PBXBuildFile; fileRef = FF62D2D0222B46BE67DD1586 /* Pods_RunAppTests.framework */; };
/* End PBXBuildFile section */

/* Begin PBXContainerItemProxy section */
		8C3AAA7129887B230008CA37 /* PBXContainerItemProxy */ = {
			isa = PBXContainerItemProxy;
			containerPortal = 8C3AAA4F29887B220008CA37 /* Project object */;
			proxyType = 1;
			remoteGlobalIDString = 8C3AAA5629887B220008CA37;
			remoteInfo = RunApp;
		};
		8C3AAA7B29887B230008CA37 /* PBXContainerItemProxy */ = {
			isa = PBXContainerItemProxy;
			containerPortal = 8C3AAA4F29887B220008CA37 /* Project object */;
			proxyType = 1;
			remoteGlobalIDString = 8C3AAA5629887B220008CA37;
			remoteInfo = RunApp;
		};
/* End PBXContainerItemProxy section */

/* Begin PBXFileReference section */
		0998C2A40C8503D671742B8C /* Pods-RunAppTests.debug.xcconfig */ = {isa = PBXFileReference; includeInIndex = 1; lastKnownFileType = text.xcconfig; name = "Pods-RunAppTests.debug.xcconfig"; path = "Target Support Files/Pods-RunAppTests/Pods-RunAppTests.debug.xcconfig"; sourceTree = "<group>"; };
		351ED757ADB5D219A3A34BE8 /* Pods-RunApp.debug.xcconfig */ = {isa = PBXFileReference; includeInIndex = 1; lastKnownFileType = text.xcconfig; name = "Pods-RunApp.debug.xcconfig"; path = "Target Support Files/Pods-RunApp/Pods-RunApp.debug.xcconfig"; sourceTree = "<group>"; };
		38088EB0E2775DF19C528466 /* Pods_RunApp.framework */ = {isa = PBXFileReference; explicitFileType = wrapper.framework; includeInIndex = 0; path = Pods_RunApp.framework; sourceTree = BUILT_PRODUCTS_DIR; };
		4A97D61C7A79CDCE49B04029 /* Pods_RunApp_RunAppUITests.framework */ = {isa = PBXFileReference; explicitFileType = wrapper.framework; includeInIndex = 0; path = Pods_RunApp_RunAppUITests.framework; sourceTree = BUILT_PRODUCTS_DIR; };
		74337D49E6CAC31CFDAE6BB5 /* Pods-RunApp-RunAppUITests.debug.xcconfig */ = {isa = PBXFileReference; includeInIndex = 1; lastKnownFileType = text.xcconfig; name = "Pods-RunApp-RunAppUITests.debug.xcconfig"; path = "Target Support Files/Pods-RunApp-RunAppUITests/Pods-RunApp-RunAppUITests.debug.xcconfig"; sourceTree = "<group>"; };
		8C17C1ED29919B8900AE10F7 /* en */ = {isa = PBXFileReference; lastKnownFileType = text.plist.strings; name = en; path = "en.lproj/Localizable(English).strings"; sourceTree = "<group>"; };
		8C17C1F229919BC900AE10F7 /* ru */ = {isa = PBXFileReference; lastKnownFileType = text.plist.strings; name = ru; path = ru.lproj/LaunchScreen.strings; sourceTree = "<group>"; };
		8C17C1F429919BC900AE10F7 /* ru */ = {isa = PBXFileReference; lastKnownFileType = text.plist.strings; name = ru; path = "ru.lproj/Localizable(Russian).strings"; sourceTree = "<group>"; };
		8C17C1F829919C1100AE10F7 /* ru */ = {isa = PBXFileReference; lastKnownFileType = text.plist.strings; name = ru; path = "ru.lproj/Localizable(German).strings"; sourceTree = "<group>"; };
		8C17C1FA2991A61200AE10F7 /* UIButtonAnimations.swift */ = {isa = PBXFileReference; lastKnownFileType = sourcecode.swift; path = UIButtonAnimations.swift; sourceTree = "<group>"; };
		8C17C1FD2995290E00AE10F7 /* ViewModel.swift */ = {isa = PBXFileReference; lastKnownFileType = sourcecode.swift; path = ViewModel.swift; sourceTree = "<group>"; };
		8C3AAA5729887B220008CA37 /* RunApp.app */ = {isa = PBXFileReference; explicitFileType = wrapper.application; includeInIndex = 0; path = RunApp.app; sourceTree = BUILT_PRODUCTS_DIR; };
		8C3AAA5A29887B220008CA37 /* AppDelegate.swift */ = {isa = PBXFileReference; lastKnownFileType = sourcecode.swift; path = AppDelegate.swift; sourceTree = "<group>"; };
		8C3AAA5C29887B220008CA37 /* SceneDelegate.swift */ = {isa = PBXFileReference; lastKnownFileType = sourcecode.swift; path = SceneDelegate.swift; sourceTree = "<group>"; };
		8C3AAA5E29887B220008CA37 /* ViewController.swift */ = {isa = PBXFileReference; lastKnownFileType = sourcecode.swift; path = ViewController.swift; sourceTree = "<group>"; };
		8C3AAA6429887B220008CA37 /* RunApp.xcdatamodel */ = {isa = PBXFileReference; lastKnownFileType = wrapper.xcdatamodel; path = RunApp.xcdatamodel; sourceTree = "<group>"; };
		8C3AAA6629887B230008CA37 /* Assets.xcassets */ = {isa = PBXFileReference; lastKnownFileType = folder.assetcatalog; path = Assets.xcassets; sourceTree = "<group>"; };
		8C3AAA6929887B230008CA37 /* Base */ = {isa = PBXFileReference; lastKnownFileType = file.storyboard; name = Base; path = Base.lproj/LaunchScreen.storyboard; sourceTree = "<group>"; };
		8C3AAA6B29887B230008CA37 /* Info.plist */ = {isa = PBXFileReference; lastKnownFileType = text.plist.xml; path = Info.plist; sourceTree = "<group>"; };
		8C3AAA7029887B230008CA37 /* RunAppTests.xctest */ = {isa = PBXFileReference; explicitFileType = wrapper.cfbundle; includeInIndex = 0; path = RunAppTests.xctest; sourceTree = BUILT_PRODUCTS_DIR; };
		8C3AAA7429887B230008CA37 /* RunAppTests.swift */ = {isa = PBXFileReference; lastKnownFileType = sourcecode.swift; path = RunAppTests.swift; sourceTree = "<group>"; };
		8C3AAA7A29887B230008CA37 /* RunAppUITests.xctest */ = {isa = PBXFileReference; explicitFileType = wrapper.cfbundle; includeInIndex = 0; path = RunAppUITests.xctest; sourceTree = BUILT_PRODUCTS_DIR; };
		8C3AAA7E29887B230008CA37 /* RunAppUITests.swift */ = {isa = PBXFileReference; lastKnownFileType = sourcecode.swift; path = RunAppUITests.swift; sourceTree = "<group>"; };
		8C3AAA8029887B230008CA37 /* RunAppUITestsLaunchTests.swift */ = {isa = PBXFileReference; lastKnownFileType = sourcecode.swift; path = RunAppUITestsLaunchTests.swift; sourceTree = "<group>"; };
		8C3AAA8F298961900008CA37 /* ProfileView.swift */ = {isa = PBXFileReference; lastKnownFileType = sourcecode.swift; path = ProfileView.swift; sourceTree = "<group>"; };
		8C3AAA912989665B0008CA37 /* TabViewController .swift */ = {isa = PBXFileReference; lastKnownFileType = sourcecode.swift; path = "TabViewController .swift"; sourceTree = "<group>"; };
		8C3AAA93298990440008CA37 /* UIColorExtension.swift */ = {isa = PBXFileReference; lastKnownFileType = sourcecode.swift; path = UIColorExtension.swift; sourceTree = "<group>"; };
		8C3AAA97298BF7C00008CA37 /* RunViewController .swift */ = {isa = PBXFileReference; lastKnownFileType = sourcecode.swift; path = "RunViewController .swift"; sourceTree = "<group>"; };
		8C3AAA99298BF8AA0008CA37 /* CustomAnnotation .swift */ = {isa = PBXFileReference; lastKnownFileType = sourcecode.swift; path = "CustomAnnotation .swift"; sourceTree = "<group>"; };
		8CCF7E4F29A4ED1D00FC4B01 /* LocationManager.swift */ = {isa = PBXFileReference; lastKnownFileType = sourcecode.swift; path = LocationManager.swift; sourceTree = "<group>"; };
		9BD3F1C31A148E5155FFC80D /* Pods-RunApp.release.xcconfig */ = {isa = PBXFileReference; includeInIndex = 1; lastKnownFileType = text.xcconfig; name = "Pods-RunApp.release.xcconfig"; path = "Target Support Files/Pods-RunApp/Pods-RunApp.release.xcconfig"; sourceTree = "<group>"; };
		CB2010154A8C9DB500F81B86 /* Pods-RunApp-RunAppUITests.release.xcconfig */ = {isa = PBXFileReference; includeInIndex = 1; lastKnownFileType = text.xcconfig; name = "Pods-RunApp-RunAppUITests.release.xcconfig"; path = "Target Support Files/Pods-RunApp-RunAppUITests/Pods-RunApp-RunAppUITests.release.xcconfig"; sourceTree = "<group>"; };
		E217AF78400D8AA69BB09C5B /* Pods-RunAppTests.release.xcconfig */ = {isa = PBXFileReference; includeInIndex = 1; lastKnownFileType = text.xcconfig; name = "Pods-RunAppTests.release.xcconfig"; path = "Target Support Files/Pods-RunAppTests/Pods-RunAppTests.release.xcconfig"; sourceTree = "<group>"; };
		FF62D2D0222B46BE67DD1586 /* Pods_RunAppTests.framework */ = {isa = PBXFileReference; explicitFileType = wrapper.framework; includeInIndex = 0; path = Pods_RunAppTests.framework; sourceTree = BUILT_PRODUCTS_DIR; };
/* End PBXFileReference section */

/* Begin PBXFrameworksBuildPhase section */
		8C3AAA5429887B220008CA37 /* Frameworks */ = {
			isa = PBXFrameworksBuildPhase;
			buildActionMask = 2147483647;
			files = (
				4862446493C909CB4A7784F7 /* Pods_RunApp.framework in Frameworks */,
			);
			runOnlyForDeploymentPostprocessing = 0;
		};
		8C3AAA6D29887B230008CA37 /* Frameworks */ = {
			isa = PBXFrameworksBuildPhase;
			buildActionMask = 2147483647;
			files = (
				9BA45D89D6FC8B4BE8FF0FAD /* Pods_RunAppTests.framework in Frameworks */,
			);
			runOnlyForDeploymentPostprocessing = 0;
		};
		8C3AAA7729887B230008CA37 /* Frameworks */ = {
			isa = PBXFrameworksBuildPhase;
			buildActionMask = 2147483647;
			files = (
				2BFAE03A1D5498E72588FA52 /* Pods_RunApp_RunAppUITests.framework in Frameworks */,
			);
			runOnlyForDeploymentPostprocessing = 0;
		};
/* End PBXFrameworksBuildPhase section */

/* Begin PBXGroup section */
		3E11491602D773CB8663EA4A /* Pods */ = {
			isa = PBXGroup;
			children = (
				351ED757ADB5D219A3A34BE8 /* Pods-RunApp.debug.xcconfig */,
				9BD3F1C31A148E5155FFC80D /* Pods-RunApp.release.xcconfig */,
				74337D49E6CAC31CFDAE6BB5 /* Pods-RunApp-RunAppUITests.debug.xcconfig */,
				CB2010154A8C9DB500F81B86 /* Pods-RunApp-RunAppUITests.release.xcconfig */,
				0998C2A40C8503D671742B8C /* Pods-RunAppTests.debug.xcconfig */,
				E217AF78400D8AA69BB09C5B /* Pods-RunAppTests.release.xcconfig */,
			);
			path = Pods;
			sourceTree = "<group>";
		};
		8C17C1E829919B5300AE10F7 /* Localization */ = {
			isa = PBXGroup;
			children = (
				8C17C1F929919C1100AE10F7 /* Localizable(German).strings */,
				8C17C1EE29919B8900AE10F7 /* Localizable(English).strings */,
				8C17C1F129919B9E00AE10F7 /* Localizable(Russian).strings */,
			);
			path = Localization;
			sourceTree = "<group>";
		};
		8C17C1FC299528DF00AE10F7 /* Models */ = {
			isa = PBXGroup;
			children = (
				8C17C1FD2995290E00AE10F7 /* ViewModel.swift */,
				8CCF7E4F29A4ED1D00FC4B01 /* LocationManager.swift */,
			);
			path = Models;
			sourceTree = "<group>";
		};
		8C3AAA4E29887B220008CA37 = {
			isa = PBXGroup;
			children = (
				8C3AAA5929887B220008CA37 /* RunApp */,
				8C3AAA7329887B230008CA37 /* RunAppTests */,
				8C3AAA7D29887B230008CA37 /* RunAppUITests */,
				8C3AAA5829887B220008CA37 /* Products */,
				3E11491602D773CB8663EA4A /* Pods */,
				C16412C11A4869FF8178A12E /* Frameworks */,
			);
			sourceTree = "<group>";
		};
		8C3AAA5829887B220008CA37 /* Products */ = {
			isa = PBXGroup;
			children = (
				8C3AAA5729887B220008CA37 /* RunApp.app */,
				8C3AAA7029887B230008CA37 /* RunAppTests.xctest */,
				8C3AAA7A29887B230008CA37 /* RunAppUITests.xctest */,
			);
			name = Products;
			sourceTree = "<group>";
		};
		8C3AAA5929887B220008CA37 /* RunApp */ = {
			isa = PBXGroup;
			children = (
				8C17C1FC299528DF00AE10F7 /* Models */,
				8C3AAA962989ABF40008CA37 /* Extension  */,
				8C3AAA952989ABD90008CA37 /* Views */,
				8C3AAA5A29887B220008CA37 /* AppDelegate.swift */,
				8C3AAA5C29887B220008CA37 /* SceneDelegate.swift */,
				8C3AAA99298BF8AA0008CA37 /* CustomAnnotation .swift */,
				8C3AAA6629887B230008CA37 /* Assets.xcassets */,
				8C3AAA6829887B230008CA37 /* LaunchScreen.storyboard */,
				8C3AAA6B29887B230008CA37 /* Info.plist */,
				8C3AAA6329887B220008CA37 /* RunApp.xcdatamodeld */,
				8C17C1E829919B5300AE10F7 /* Localization */,
			);
			path = RunApp;
			sourceTree = "<group>";
		};
		8C3AAA7329887B230008CA37 /* RunAppTests */ = {
			isa = PBXGroup;
			children = (
				8C3AAA7429887B230008CA37 /* RunAppTests.swift */,
			);
			path = RunAppTests;
			sourceTree = "<group>";
		};
		8C3AAA7D29887B230008CA37 /* RunAppUITests */ = {
			isa = PBXGroup;
			children = (
				8C3AAA7E29887B230008CA37 /* RunAppUITests.swift */,
				8C3AAA8029887B230008CA37 /* RunAppUITestsLaunchTests.swift */,
			);
			path = RunAppUITests;
			sourceTree = "<group>";
		};
		8C3AAA952989ABD90008CA37 /* Views */ = {
			isa = PBXGroup;
			children = (
				8C3AAA5E29887B220008CA37 /* ViewController.swift */,
				8C3AAA912989665B0008CA37 /* TabViewController .swift */,
				8C3AAA8F298961900008CA37 /* ProfileView.swift */,
				8C3AAA97298BF7C00008CA37 /* RunViewController .swift */,
			);
			path = Views;
			sourceTree = "<group>";
		};
		8C3AAA962989ABF40008CA37 /* Extension  */ = {
			isa = PBXGroup;
			children = (
				8C3AAA93298990440008CA37 /* UIColorExtension.swift */,
				8C17C1FA2991A61200AE10F7 /* UIButtonAnimations.swift */,
			);
			path = "Extension ";
			sourceTree = "<group>";
		};
		C16412C11A4869FF8178A12E /* Frameworks */ = {
			isa = PBXGroup;
			children = (
				38088EB0E2775DF19C528466 /* Pods_RunApp.framework */,
				4A97D61C7A79CDCE49B04029 /* Pods_RunApp_RunAppUITests.framework */,
				FF62D2D0222B46BE67DD1586 /* Pods_RunAppTests.framework */,
			);
			name = Frameworks;
			sourceTree = "<group>";
		};
/* End PBXGroup section */

/* Begin PBXNativeTarget section */
		8C3AAA5629887B220008CA37 /* RunApp */ = {
			isa = PBXNativeTarget;
			buildConfigurationList = 8C3AAA8429887B230008CA37 /* Build configuration list for PBXNativeTarget "RunApp" */;
			buildPhases = (
				67DCBA62F69F217977266862 /* [CP] Check Pods Manifest.lock */,
				8C3AAA5329887B220008CA37 /* Sources */,
				8C3AAA5429887B220008CA37 /* Frameworks */,
				8C3AAA5529887B220008CA37 /* Resources */,
				3EF50929E9DDA376C0F67A04 /* [CP] Embed Pods Frameworks */,
			);
			buildRules = (
			);
			dependencies = (
			);
			name = RunApp;
			productName = RunApp;
			productReference = 8C3AAA5729887B220008CA37 /* RunApp.app */;
			productType = "com.apple.product-type.application";
		};
		8C3AAA6F29887B230008CA37 /* RunAppTests */ = {
			isa = PBXNativeTarget;
			buildConfigurationList = 8C3AAA8729887B230008CA37 /* Build configuration list for PBXNativeTarget "RunAppTests" */;
			buildPhases = (
				3260658811D859953BA274D3 /* [CP] Check Pods Manifest.lock */,
				8C3AAA6C29887B230008CA37 /* Sources */,
				8C3AAA6D29887B230008CA37 /* Frameworks */,
				8C3AAA6E29887B230008CA37 /* Resources */,
			);
			buildRules = (
			);
			dependencies = (
				8C3AAA7229887B230008CA37 /* PBXTargetDependency */,
			);
			name = RunAppTests;
			productName = RunAppTests;
			productReference = 8C3AAA7029887B230008CA37 /* RunAppTests.xctest */;
			productType = "com.apple.product-type.bundle.unit-test";
		};
		8C3AAA7929887B230008CA37 /* RunAppUITests */ = {
			isa = PBXNativeTarget;
			buildConfigurationList = 8C3AAA8A29887B230008CA37 /* Build configuration list for PBXNativeTarget "RunAppUITests" */;
			buildPhases = (
				5217E6117F14CD027472345B /* [CP] Check Pods Manifest.lock */,
				8C3AAA7629887B230008CA37 /* Sources */,
				8C3AAA7729887B230008CA37 /* Frameworks */,
				8C3AAA7829887B230008CA37 /* Resources */,
				CAB594EBDA1134C635871DE4 /* [CP] Embed Pods Frameworks */,
			);
			buildRules = (
			);
			dependencies = (
				8C3AAA7C29887B230008CA37 /* PBXTargetDependency */,
			);
			name = RunAppUITests;
			productName = RunAppUITests;
			productReference = 8C3AAA7A29887B230008CA37 /* RunAppUITests.xctest */;
			productType = "com.apple.product-type.bundle.ui-testing";
		};
/* End PBXNativeTarget section */

/* Begin PBXProject section */
		8C3AAA4F29887B220008CA37 /* Project object */ = {
			isa = PBXProject;
			attributes = {
				BuildIndependentTargetsInParallel = 1;
				LastSwiftUpdateCheck = 1400;
				LastUpgradeCheck = 1400;
				TargetAttributes = {
					8C3AAA5629887B220008CA37 = {
						CreatedOnToolsVersion = 14.0;
					};
					8C3AAA6F29887B230008CA37 = {
						CreatedOnToolsVersion = 14.0;
						TestTargetID = 8C3AAA5629887B220008CA37;
					};
					8C3AAA7929887B230008CA37 = {
						CreatedOnToolsVersion = 14.0;
						TestTargetID = 8C3AAA5629887B220008CA37;
					};
				};
			};
			buildConfigurationList = 8C3AAA5229887B220008CA37 /* Build configuration list for PBXProject "RunApp" */;
			compatibilityVersion = "Xcode 14.0";
			developmentRegion = en;
			hasScannedForEncodings = 0;
			knownRegions = (
				en,
				Base,
				ru,
			);
			mainGroup = 8C3AAA4E29887B220008CA37;
			productRefGroup = 8C3AAA5829887B220008CA37 /* Products */;
			projectDirPath = "";
			projectRoot = "";
			targets = (
				8C3AAA5629887B220008CA37 /* RunApp */,
				8C3AAA6F29887B230008CA37 /* RunAppTests */,
				8C3AAA7929887B230008CA37 /* RunAppUITests */,
			);
		};
/* End PBXProject section */

/* Begin PBXResourcesBuildPhase section */
		8C3AAA5529887B220008CA37 /* Resources */ = {
			isa = PBXResourcesBuildPhase;
			buildActionMask = 2147483647;
			files = (
				8C3AAA6A29887B230008CA37 /* LaunchScreen.storyboard in Resources */,
				8C17C1F729919C1100AE10F7 /* Localizable(German).strings in Resources */,
				8C17C1EC29919B8900AE10F7 /* Localizable(English).strings in Resources */,
				8C17C1EF29919B9E00AE10F7 /* Localizable(Russian).strings in Resources */,
				8C3AAA6729887B230008CA37 /* Assets.xcassets in Resources */,
			);
			runOnlyForDeploymentPostprocessing = 0;
		};
		8C3AAA6E29887B230008CA37 /* Resources */ = {
			isa = PBXResourcesBuildPhase;
			buildActionMask = 2147483647;
			files = (
			);
			runOnlyForDeploymentPostprocessing = 0;
		};
		8C3AAA7829887B230008CA37 /* Resources */ = {
			isa = PBXResourcesBuildPhase;
			buildActionMask = 2147483647;
			files = (
			);
			runOnlyForDeploymentPostprocessing = 0;
		};
/* End PBXResourcesBuildPhase section */

/* Begin PBXShellScriptBuildPhase section */
		3260658811D859953BA274D3 /* [CP] Check Pods Manifest.lock */ = {
			isa = PBXShellScriptBuildPhase;
			buildActionMask = 2147483647;
			files = (
			);
			inputFileListPaths = (
			);
			inputPaths = (
				"${PODS_PODFILE_DIR_PATH}/Podfile.lock",
				"${PODS_ROOT}/Manifest.lock",
			);
			name = "[CP] Check Pods Manifest.lock";
			outputFileListPaths = (
			);
			outputPaths = (
				"$(DERIVED_FILE_DIR)/Pods-RunAppTests-checkManifestLockResult.txt",
			);
			runOnlyForDeploymentPostprocessing = 0;
			shellPath = /bin/sh;
			shellScript = "diff \"${PODS_PODFILE_DIR_PATH}/Podfile.lock\" \"${PODS_ROOT}/Manifest.lock\" > /dev/null\nif [ $? != 0 ] ; then\n    # print error to STDERR\n    echo \"error: The sandbox is not in sync with the Podfile.lock. Run 'pod install' or update your CocoaPods installation.\" >&2\n    exit 1\nfi\n# This output is used by Xcode 'outputs' to avoid re-running this script phase.\necho \"SUCCESS\" > \"${SCRIPT_OUTPUT_FILE_0}\"\n";
			showEnvVarsInLog = 0;
		};
		3EF50929E9DDA376C0F67A04 /* [CP] Embed Pods Frameworks */ = {
			isa = PBXShellScriptBuildPhase;
			buildActionMask = 2147483647;
			files = (
			);
			inputFileListPaths = (
				"${PODS_ROOT}/Target Support Files/Pods-RunApp/Pods-RunApp-frameworks-${CONFIGURATION}-input-files.xcfilelist",
			);
			name = "[CP] Embed Pods Frameworks";
			outputFileListPaths = (
				"${PODS_ROOT}/Target Support Files/Pods-RunApp/Pods-RunApp-frameworks-${CONFIGURATION}-output-files.xcfilelist",
			);
			runOnlyForDeploymentPostprocessing = 0;
			shellPath = /bin/sh;
			shellScript = "\"${PODS_ROOT}/Target Support Files/Pods-RunApp/Pods-RunApp-frameworks.sh\"\n";
			showEnvVarsInLog = 0;
		};
		5217E6117F14CD027472345B /* [CP] Check Pods Manifest.lock */ = {
			isa = PBXShellScriptBuildPhase;
			buildActionMask = 2147483647;
			files = (
			);
			inputFileListPaths = (
			);
			inputPaths = (
				"${PODS_PODFILE_DIR_PATH}/Podfile.lock",
				"${PODS_ROOT}/Manifest.lock",
			);
			name = "[CP] Check Pods Manifest.lock";
			outputFileListPaths = (
			);
			outputPaths = (
				"$(DERIVED_FILE_DIR)/Pods-RunApp-RunAppUITests-checkManifestLockResult.txt",
			);
			runOnlyForDeploymentPostprocessing = 0;
			shellPath = /bin/sh;
			shellScript = "diff \"${PODS_PODFILE_DIR_PATH}/Podfile.lock\" \"${PODS_ROOT}/Manifest.lock\" > /dev/null\nif [ $? != 0 ] ; then\n    # print error to STDERR\n    echo \"error: The sandbox is not in sync with the Podfile.lock. Run 'pod install' or update your CocoaPods installation.\" >&2\n    exit 1\nfi\n# This output is used by Xcode 'outputs' to avoid re-running this script phase.\necho \"SUCCESS\" > \"${SCRIPT_OUTPUT_FILE_0}\"\n";
			showEnvVarsInLog = 0;
		};
		67DCBA62F69F217977266862 /* [CP] Check Pods Manifest.lock */ = {
			isa = PBXShellScriptBuildPhase;
			buildActionMask = 2147483647;
			files = (
			);
			inputFileListPaths = (
			);
			inputPaths = (
				"${PODS_PODFILE_DIR_PATH}/Podfile.lock",
				"${PODS_ROOT}/Manifest.lock",
			);
			name = "[CP] Check Pods Manifest.lock";
			outputFileListPaths = (
			);
			outputPaths = (
				"$(DERIVED_FILE_DIR)/Pods-RunApp-checkManifestLockResult.txt",
			);
			runOnlyForDeploymentPostprocessing = 0;
			shellPath = /bin/sh;
			shellScript = "diff \"${PODS_PODFILE_DIR_PATH}/Podfile.lock\" \"${PODS_ROOT}/Manifest.lock\" > /dev/null\nif [ $? != 0 ] ; then\n    # print error to STDERR\n    echo \"error: The sandbox is not in sync with the Podfile.lock. Run 'pod install' or update your CocoaPods installation.\" >&2\n    exit 1\nfi\n# This output is used by Xcode 'outputs' to avoid re-running this script phase.\necho \"SUCCESS\" > \"${SCRIPT_OUTPUT_FILE_0}\"\n";
			showEnvVarsInLog = 0;
		};
		CAB594EBDA1134C635871DE4 /* [CP] Embed Pods Frameworks */ = {
			isa = PBXShellScriptBuildPhase;
			buildActionMask = 2147483647;
			files = (
			);
			inputFileListPaths = (
				"${PODS_ROOT}/Target Support Files/Pods-RunApp-RunAppUITests/Pods-RunApp-RunAppUITests-frameworks-${CONFIGURATION}-input-files.xcfilelist",
			);
			name = "[CP] Embed Pods Frameworks";
			outputFileListPaths = (
				"${PODS_ROOT}/Target Support Files/Pods-RunApp-RunAppUITests/Pods-RunApp-RunAppUITests-frameworks-${CONFIGURATION}-output-files.xcfilelist",
			);
			runOnlyForDeploymentPostprocessing = 0;
			shellPath = /bin/sh;
			shellScript = "\"${PODS_ROOT}/Target Support Files/Pods-RunApp-RunAppUITests/Pods-RunApp-RunAppUITests-frameworks.sh\"\n";
			showEnvVarsInLog = 0;
		};
/* End PBXShellScriptBuildPhase section */

/* Begin PBXSourcesBuildPhase section */
		8C3AAA5329887B220008CA37 /* Sources */ = {
			isa = PBXSourcesBuildPhase;
			buildActionMask = 2147483647;
			files = (
				8C3AAA5F29887B220008CA37 /* ViewController.swift in Sources */,
				8C3AAA94298990440008CA37 /* UIColorExtension.swift in Sources */,
				8C3AAA6529887B220008CA37 /* RunApp.xcdatamodeld in Sources */,
				8C17C1FE2995290E00AE10F7 /* ViewModel.swift in Sources */,
				8C3AAA922989665B0008CA37 /* TabViewController .swift in Sources */,
				8C3AAA90298961910008CA37 /* ProfileView.swift in Sources */,
				8C3AAA9A298BF8AA0008CA37 /* CustomAnnotation .swift in Sources */,
				8C17C1FB2991A61300AE10F7 /* UIButtonAnimations.swift in Sources */,
				8CCF7E5029A4ED1D00FC4B01 /* LocationManager.swift in Sources */,
				8C3AAA5B29887B220008CA37 /* AppDelegate.swift in Sources */,
				8C3AAA5D29887B220008CA37 /* SceneDelegate.swift in Sources */,
				8C3AAA98298BF7C00008CA37 /* RunViewController .swift in Sources */,
			);
			runOnlyForDeploymentPostprocessing = 0;
		};
		8C3AAA6C29887B230008CA37 /* Sources */ = {
			isa = PBXSourcesBuildPhase;
			buildActionMask = 2147483647;
			files = (
				8C3AAA7529887B230008CA37 /* RunAppTests.swift in Sources */,
			);
			runOnlyForDeploymentPostprocessing = 0;
		};
		8C3AAA7629887B230008CA37 /* Sources */ = {
			isa = PBXSourcesBuildPhase;
			buildActionMask = 2147483647;
			files = (
				8C3AAA8129887B230008CA37 /* RunAppUITestsLaunchTests.swift in Sources */,
				8C3AAA7F29887B230008CA37 /* RunAppUITests.swift in Sources */,
			);
			runOnlyForDeploymentPostprocessing = 0;
		};
/* End PBXSourcesBuildPhase section */

/* Begin PBXTargetDependency section */
		8C3AAA7229887B230008CA37 /* PBXTargetDependency */ = {
			isa = PBXTargetDependency;
			target = 8C3AAA5629887B220008CA37 /* RunApp */;
			targetProxy = 8C3AAA7129887B230008CA37 /* PBXContainerItemProxy */;
		};
		8C3AAA7C29887B230008CA37 /* PBXTargetDependency */ = {
			isa = PBXTargetDependency;
			target = 8C3AAA5629887B220008CA37 /* RunApp */;
			targetProxy = 8C3AAA7B29887B230008CA37 /* PBXContainerItemProxy */;
		};
/* End PBXTargetDependency section */

/* Begin PBXVariantGroup section */
		8C17C1EE29919B8900AE10F7 /* Localizable(English).strings */ = {
			isa = PBXVariantGroup;
			children = (
				8C17C1ED29919B8900AE10F7 /* en */,
			);
			name = "Localizable(English).strings";
			sourceTree = "<group>";
		};
		8C17C1F129919B9E00AE10F7 /* Localizable(Russian).strings */ = {
			isa = PBXVariantGroup;
			children = (
				8C17C1F429919BC900AE10F7 /* ru */,
			);
			name = "Localizable(Russian).strings";
			sourceTree = "<group>";
		};
		8C17C1F929919C1100AE10F7 /* Localizable(German).strings */ = {
			isa = PBXVariantGroup;
			children = (
				8C17C1F829919C1100AE10F7 /* ru */,
			);
			name = "Localizable(German).strings";
			sourceTree = "<group>";
		};
		8C3AAA6829887B230008CA37 /* LaunchScreen.storyboard */ = {
			isa = PBXVariantGroup;
			children = (
				8C3AAA6929887B230008CA37 /* Base */,
				8C17C1F229919BC900AE10F7 /* ru */,
			);
			name = LaunchScreen.storyboard;
			sourceTree = "<group>";
		};
/* End PBXVariantGroup section */

/* Begin XCBuildConfiguration section */
		8C3AAA8229887B230008CA37 /* Debug */ = {
			isa = XCBuildConfiguration;
			buildSettings = {
				ALWAYS_SEARCH_USER_PATHS = NO;
				CLANG_ANALYZER_LOCALIZABILITY_NONLOCALIZED = YES;
				CLANG_ANALYZER_NONNULL = YES;
				CLANG_ANALYZER_NUMBER_OBJECT_CONVERSION = YES_AGGRESSIVE;
				CLANG_CXX_LANGUAGE_STANDARD = "gnu++20";
				CLANG_ENABLE_MODULES = YES;
				CLANG_ENABLE_OBJC_ARC = YES;
				CLANG_ENABLE_OBJC_WEAK = YES;
				CLANG_WARN_BLOCK_CAPTURE_AUTORELEASING = YES;
				CLANG_WARN_BOOL_CONVERSION = YES;
				CLANG_WARN_COMMA = YES;
				CLANG_WARN_CONSTANT_CONVERSION = YES;
				CLANG_WARN_DEPRECATED_OBJC_IMPLEMENTATIONS = YES;
				CLANG_WARN_DIRECT_OBJC_ISA_USAGE = YES_ERROR;
				CLANG_WARN_DOCUMENTATION_COMMENTS = YES;
				CLANG_WARN_EMPTY_BODY = YES;
				CLANG_WARN_ENUM_CONVERSION = YES;
				CLANG_WARN_INFINITE_RECURSION = YES;
				CLANG_WARN_INT_CONVERSION = YES;
				CLANG_WARN_NON_LITERAL_NULL_CONVERSION = YES;
				CLANG_WARN_OBJC_IMPLICIT_RETAIN_SELF = YES;
				CLANG_WARN_OBJC_LITERAL_CONVERSION = YES;
				CLANG_WARN_OBJC_ROOT_CLASS = YES_ERROR;
				CLANG_WARN_QUOTED_INCLUDE_IN_FRAMEWORK_HEADER = YES;
				CLANG_WARN_RANGE_LOOP_ANALYSIS = YES;
				CLANG_WARN_STRICT_PROTOTYPES = YES;
				CLANG_WARN_SUSPICIOUS_MOVE = YES;
				CLANG_WARN_UNGUARDED_AVAILABILITY = YES_AGGRESSIVE;
				CLANG_WARN_UNREACHABLE_CODE = YES;
				CLANG_WARN__DUPLICATE_METHOD_MATCH = YES;
				COPY_PHASE_STRIP = NO;
				DEBUG_INFORMATION_FORMAT = dwarf;
				ENABLE_STRICT_OBJC_MSGSEND = YES;
				ENABLE_TESTABILITY = YES;
				GCC_C_LANGUAGE_STANDARD = gnu11;
				GCC_DYNAMIC_NO_PIC = NO;
				GCC_NO_COMMON_BLOCKS = YES;
				GCC_OPTIMIZATION_LEVEL = 0;
				GCC_PREPROCESSOR_DEFINITIONS = (
					"DEBUG=1",
					"$(inherited)",
				);
				GCC_WARN_64_TO_32_BIT_CONVERSION = YES;
				GCC_WARN_ABOUT_RETURN_TYPE = YES_ERROR;
				GCC_WARN_UNDECLARED_SELECTOR = YES;
				GCC_WARN_UNINITIALIZED_AUTOS = YES_AGGRESSIVE;
				GCC_WARN_UNUSED_FUNCTION = YES;
				GCC_WARN_UNUSED_VARIABLE = YES;
				IPHONEOS_DEPLOYMENT_TARGET = 16.0;
				MTL_ENABLE_DEBUG_INFO = INCLUDE_SOURCE;
				MTL_FAST_MATH = YES;
				ONLY_ACTIVE_ARCH = YES;
				SDKROOT = iphoneos;
				SWIFT_ACTIVE_COMPILATION_CONDITIONS = DEBUG;
				SWIFT_OPTIMIZATION_LEVEL = "-Onone";
			};
			name = Debug;
		};
		8C3AAA8329887B230008CA37 /* Release */ = {
			isa = XCBuildConfiguration;
			buildSettings = {
				ALWAYS_SEARCH_USER_PATHS = NO;
				CLANG_ANALYZER_LOCALIZABILITY_NONLOCALIZED = YES;
				CLANG_ANALYZER_NONNULL = YES;
				CLANG_ANALYZER_NUMBER_OBJECT_CONVERSION = YES_AGGRESSIVE;
				CLANG_CXX_LANGUAGE_STANDARD = "gnu++20";
				CLANG_ENABLE_MODULES = YES;
				CLANG_ENABLE_OBJC_ARC = YES;
				CLANG_ENABLE_OBJC_WEAK = YES;
				CLANG_WARN_BLOCK_CAPTURE_AUTORELEASING = YES;
				CLANG_WARN_BOOL_CONVERSION = YES;
				CLANG_WARN_COMMA = YES;
				CLANG_WARN_CONSTANT_CONVERSION = YES;
				CLANG_WARN_DEPRECATED_OBJC_IMPLEMENTATIONS = YES;
				CLANG_WARN_DIRECT_OBJC_ISA_USAGE = YES_ERROR;
				CLANG_WARN_DOCUMENTATION_COMMENTS = YES;
				CLANG_WARN_EMPTY_BODY = YES;
				CLANG_WARN_ENUM_CONVERSION = YES;
				CLANG_WARN_INFINITE_RECURSION = YES;
				CLANG_WARN_INT_CONVERSION = YES;
				CLANG_WARN_NON_LITERAL_NULL_CONVERSION = YES;
				CLANG_WARN_OBJC_IMPLICIT_RETAIN_SELF = YES;
				CLANG_WARN_OBJC_LITERAL_CONVERSION = YES;
				CLANG_WARN_OBJC_ROOT_CLASS = YES_ERROR;
				CLANG_WARN_QUOTED_INCLUDE_IN_FRAMEWORK_HEADER = YES;
				CLANG_WARN_RANGE_LOOP_ANALYSIS = YES;
				CLANG_WARN_STRICT_PROTOTYPES = YES;
				CLANG_WARN_SUSPICIOUS_MOVE = YES;
				CLANG_WARN_UNGUARDED_AVAILABILITY = YES_AGGRESSIVE;
				CLANG_WARN_UNREACHABLE_CODE = YES;
				CLANG_WARN__DUPLICATE_METHOD_MATCH = YES;
				COPY_PHASE_STRIP = NO;
				DEBUG_INFORMATION_FORMAT = "dwarf-with-dsym";
				ENABLE_NS_ASSERTIONS = NO;
				ENABLE_STRICT_OBJC_MSGSEND = YES;
				GCC_C_LANGUAGE_STANDARD = gnu11;
				GCC_NO_COMMON_BLOCKS = YES;
				GCC_WARN_64_TO_32_BIT_CONVERSION = YES;
				GCC_WARN_ABOUT_RETURN_TYPE = YES_ERROR;
				GCC_WARN_UNDECLARED_SELECTOR = YES;
				GCC_WARN_UNINITIALIZED_AUTOS = YES_AGGRESSIVE;
				GCC_WARN_UNUSED_FUNCTION = YES;
				GCC_WARN_UNUSED_VARIABLE = YES;
				IPHONEOS_DEPLOYMENT_TARGET = 16.0;
				MTL_ENABLE_DEBUG_INFO = NO;
				MTL_FAST_MATH = YES;
				SDKROOT = iphoneos;
				SWIFT_COMPILATION_MODE = wholemodule;
				SWIFT_OPTIMIZATION_LEVEL = "-O";
				VALIDATE_PRODUCT = YES;
			};
			name = Release;
		};
		8C3AAA8529887B230008CA37 /* Debug */ = {
			isa = XCBuildConfiguration;
			baseConfigurationReference = 351ED757ADB5D219A3A34BE8 /* Pods-RunApp.debug.xcconfig */;
			buildSettings = {
				ASSETCATALOG_COMPILER_APPICON_NAME = AppIcon;
				ASSETCATALOG_COMPILER_GLOBAL_ACCENT_COLOR_NAME = AccentColor;
				CODE_SIGN_STYLE = Automatic;
				CURRENT_PROJECT_VERSION = 1;
				DEVELOPMENT_TEAM = W6M2Q49JB3;
				GENERATE_INFOPLIST_FILE = YES;
				INFOPLIST_FILE = RunApp/Info.plist;
				INFOPLIST_KEY_UIApplicationSupportsIndirectInputEvents = YES;
				INFOPLIST_KEY_UILaunchStoryboardName = LaunchScreen;
				INFOPLIST_KEY_UIMainStoryboardFile = "";
				INFOPLIST_KEY_UISupportedInterfaceOrientations_iPad = "UIInterfaceOrientationPortrait UIInterfaceOrientationPortraitUpsideDown UIInterfaceOrientationLandscapeLeft UIInterfaceOrientationLandscapeRight";
				INFOPLIST_KEY_UISupportedInterfaceOrientations_iPhone = "UIInterfaceOrientationPortrait UIInterfaceOrientationLandscapeLeft UIInterfaceOrientationLandscapeRight";
				IPHONEOS_DEPLOYMENT_TARGET = 14.0;
				LD_RUNPATH_SEARCH_PATHS = (
					"$(inherited)",
					"@executable_path/Frameworks",
				);
				MARKETING_VERSION = 1.0;
				PRODUCT_BUNDLE_IDENTIFIER = work.RunApp;
				PRODUCT_NAME = "$(TARGET_NAME)";
				SWIFT_EMIT_LOC_STRINGS = YES;
				SWIFT_VERSION = 5.0;
				TARGETED_DEVICE_FAMILY = "1,2";
			};
			name = Debug;
		};
		8C3AAA8629887B230008CA37 /* Release */ = {
			isa = XCBuildConfiguration;
			baseConfigurationReference = 9BD3F1C31A148E5155FFC80D /* Pods-RunApp.release.xcconfig */;
			buildSettings = {
				ASSETCATALOG_COMPILER_APPICON_NAME = AppIcon;
				ASSETCATALOG_COMPILER_GLOBAL_ACCENT_COLOR_NAME = AccentColor;
				CODE_SIGN_STYLE = Automatic;
				CURRENT_PROJECT_VERSION = 1;
				DEVELOPMENT_TEAM = W6M2Q49JB3;
				GENERATE_INFOPLIST_FILE = YES;
				INFOPLIST_FILE = RunApp/Info.plist;
				INFOPLIST_KEY_UIApplicationSupportsIndirectInputEvents = YES;
				INFOPLIST_KEY_UILaunchStoryboardName = LaunchScreen;
				INFOPLIST_KEY_UIMainStoryboardFile = "";
				INFOPLIST_KEY_UISupportedInterfaceOrientations_iPad = "UIInterfaceOrientationPortrait UIInterfaceOrientationPortraitUpsideDown UIInterfaceOrientationLandscapeLeft UIInterfaceOrientationLandscapeRight";
				INFOPLIST_KEY_UISupportedInterfaceOrientations_iPhone = "UIInterfaceOrientationPortrait UIInterfaceOrientationLandscapeLeft UIInterfaceOrientationLandscapeRight";
				IPHONEOS_DEPLOYMENT_TARGET = 14.0;
				LD_RUNPATH_SEARCH_PATHS = (
					"$(inherited)",
					"@executable_path/Frameworks",
				);
				MARKETING_VERSION = 1.0;
				PRODUCT_BUNDLE_IDENTIFIER = work.RunApp;
				PRODUCT_NAME = "$(TARGET_NAME)";
				SWIFT_EMIT_LOC_STRINGS = YES;
				SWIFT_VERSION = 5.0;
				TARGETED_DEVICE_FAMILY = "1,2";
			};
			name = Release;
		};
		8C3AAA8829887B230008CA37 /* Debug */ = {
			isa = XCBuildConfiguration;
			baseConfigurationReference = 0998C2A40C8503D671742B8C /* Pods-RunAppTests.debug.xcconfig */;
			buildSettings = {
				ALWAYS_EMBED_SWIFT_STANDARD_LIBRARIES = YES;
				BUNDLE_LOADER = "$(TEST_HOST)";
				CODE_SIGN_STYLE = Automatic;
				CURRENT_PROJECT_VERSION = 1;
				DEVELOPMENT_TEAM = W6M2Q49JB3;
				GENERATE_INFOPLIST_FILE = YES;
				IPHONEOS_DEPLOYMENT_TARGET = 16.0;
				MARKETING_VERSION = 1.0;
				PRODUCT_BUNDLE_IDENTIFIER = work.RunAppTests;
				PRODUCT_NAME = "$(TARGET_NAME)";
				SWIFT_EMIT_LOC_STRINGS = NO;
				SWIFT_VERSION = 5.0;
				TARGETED_DEVICE_FAMILY = "1,2";
				TEST_HOST = "$(BUILT_PRODUCTS_DIR)/RunApp.app/$(BUNDLE_EXECUTABLE_FOLDER_PATH)/RunApp";
			};
			name = Debug;
		};
		8C3AAA8929887B230008CA37 /* Release */ = {
			isa = XCBuildConfiguration;
			baseConfigurationReference = E217AF78400D8AA69BB09C5B /* Pods-RunAppTests.release.xcconfig */;
			buildSettings = {
				ALWAYS_EMBED_SWIFT_STANDARD_LIBRARIES = YES;
				BUNDLE_LOADER = "$(TEST_HOST)";
				CODE_SIGN_STYLE = Automatic;
				CURRENT_PROJECT_VERSION = 1;
				DEVELOPMENT_TEAM = W6M2Q49JB3;
				GENERATE_INFOPLIST_FILE = YES;
				IPHONEOS_DEPLOYMENT_TARGET = 16.0;
				MARKETING_VERSION = 1.0;
				PRODUCT_BUNDLE_IDENTIFIER = work.RunAppTests;
				PRODUCT_NAME = "$(TARGET_NAME)";
				SWIFT_EMIT_LOC_STRINGS = NO;
				SWIFT_VERSION = 5.0;
				TARGETED_DEVICE_FAMILY = "1,2";
				TEST_HOST = "$(BUILT_PRODUCTS_DIR)/RunApp.app/$(BUNDLE_EXECUTABLE_FOLDER_PATH)/RunApp";
			};
			name = Release;
		};
		8C3AAA8B29887B230008CA37 /* Debug */ = {
			isa = XCBuildConfiguration;
			baseConfigurationReference = 74337D49E6CAC31CFDAE6BB5 /* Pods-RunApp-RunAppUITests.debug.xcconfig */;
			buildSettings = {
				ALWAYS_EMBED_SWIFT_STANDARD_LIBRARIES = YES;
				CODE_SIGN_STYLE = Automatic;
				CURRENT_PROJECT_VERSION = 1;
				DEVELOPMENT_TEAM = W6M2Q49JB3;
				GENERATE_INFOPLIST_FILE = YES;
				MARKETING_VERSION = 1.0;
				PRODUCT_BUNDLE_IDENTIFIER = work.RunAppUITests;
				PRODUCT_NAME = "$(TARGET_NAME)";
				SWIFT_EMIT_LOC_STRINGS = NO;
				SWIFT_VERSION = 5.0;
				TARGETED_DEVICE_FAMILY = "1,2";
				TEST_TARGET_NAME = RunApp;
			};
			name = Debug;
		};
		8C3AAA8C29887B230008CA37 /* Release */ = {
			isa = XCBuildConfiguration;
			baseConfigurationReference = CB2010154A8C9DB500F81B86 /* Pods-RunApp-RunAppUITests.release.xcconfig */;
			buildSettings = {
				ALWAYS_EMBED_SWIFT_STANDARD_LIBRARIES = YES;
				CODE_SIGN_STYLE = Automatic;
				CURRENT_PROJECT_VERSION = 1;
				DEVELOPMENT_TEAM = W6M2Q49JB3;
				GENERATE_INFOPLIST_FILE = YES;
				MARKETING_VERSION = 1.0;
				PRODUCT_BUNDLE_IDENTIFIER = work.RunAppUITests;
				PRODUCT_NAME = "$(TARGET_NAME)";
				SWIFT_EMIT_LOC_STRINGS = NO;
				SWIFT_VERSION = 5.0;
				TARGETED_DEVICE_FAMILY = "1,2";
				TEST_TARGET_NAME = RunApp;
			};
			name = Release;
		};
/* End XCBuildConfiguration section */

/* Begin XCConfigurationList section */
		8C3AAA5229887B220008CA37 /* Build configuration list for PBXProject "RunApp" */ = {
			isa = XCConfigurationList;
			buildConfigurations = (
				8C3AAA8229887B230008CA37 /* Debug */,
				8C3AAA8329887B230008CA37 /* Release */,
			);
			defaultConfigurationIsVisible = 0;
			defaultConfigurationName = Release;
		};
		8C3AAA8429887B230008CA37 /* Build configuration list for PBXNativeTarget "RunApp" */ = {
			isa = XCConfigurationList;
			buildConfigurations = (
				8C3AAA8529887B230008CA37 /* Debug */,
				8C3AAA8629887B230008CA37 /* Release */,
			);
			defaultConfigurationIsVisible = 0;
			defaultConfigurationName = Release;
		};
		8C3AAA8729887B230008CA37 /* Build configuration list for PBXNativeTarget "RunAppTests" */ = {
			isa = XCConfigurationList;
			buildConfigurations = (
				8C3AAA8829887B230008CA37 /* Debug */,
				8C3AAA8929887B230008CA37 /* Release */,
			);
			defaultConfigurationIsVisible = 0;
			defaultConfigurationName = Release;
		};
		8C3AAA8A29887B230008CA37 /* Build configuration list for PBXNativeTarget "RunAppUITests" */ = {
			isa = XCConfigurationList;
			buildConfigurations = (
				8C3AAA8B29887B230008CA37 /* Debug */,
				8C3AAA8C29887B230008CA37 /* Release */,
			);
			defaultConfigurationIsVisible = 0;
			defaultConfigurationName = Release;
		};
/* End XCConfigurationList section */

/* Begin XCVersionGroup section */
		8C3AAA6329887B220008CA37 /* RunApp.xcdatamodeld */ = {
			isa = XCVersionGroup;
			children = (
				8C3AAA6429887B220008CA37 /* RunApp.xcdatamodel */,
			);
			currentVersion = 8C3AAA6429887B220008CA37 /* RunApp.xcdatamodel */;
			path = RunApp.xcdatamodeld;
			sourceTree = "<group>";
			versionGroupType = wrapper.xcdatamodel;
		};
/* End XCVersionGroup section */
	};
	rootObject = 8C3AAA4F29887B220008CA37 /* Project object */;
}
